// !$*UTF8*$!
{
	archiveVersion = 1;
	classes = {
	};
	objectVersion = 50;
	objects = {

/* Begin PBXBuildFile section */
		D374B841221EA78E00A9C944 /* AppDelegate.swift in Sources */ = {isa = PBXBuildFile; fileRef = D374B840221EA78E00A9C944 /* AppDelegate.swift */; };
		D374B843221EA78E00A9C944 /* ViewController.swift in Sources */ = {isa = PBXBuildFile; fileRef = D374B842221EA78E00A9C944 /* ViewController.swift */; };
		D374B846221EA78E00A9C944 /* Main.storyboard in Resources */ = {isa = PBXBuildFile; fileRef = D374B844221EA78E00A9C944 /* Main.storyboard */; };
		D374B848221EA79100A9C944 /* Assets.xcassets in Resources */ = {isa = PBXBuildFile; fileRef = D374B847221EA79100A9C944 /* Assets.xcassets */; };
		D374B84B221EA79100A9C944 /* LaunchScreen.storyboard in Resources */ = {isa = PBXBuildFile; fileRef = D374B849221EA79100A9C944 /* LaunchScreen.storyboard */; };
		D374B856221EA79100A9C944 /* TravelTests.swift in Sources */ = {isa = PBXBuildFile; fileRef = D374B855221EA79100A9C944 /* TravelTests.swift */; };
		D374B861221EA79100A9C944 /* TravelUITests.swift in Sources */ = {isa = PBXBuildFile; fileRef = D374B860221EA79100A9C944 /* TravelUITests.swift */; };
/* End PBXBuildFile section */

/* Begin PBXContainerItemProxy section */
		D374B852221EA79100A9C944 /* PBXContainerItemProxy */ = {
			isa = PBXContainerItemProxy;
			containerPortal = D374B835221EA78E00A9C944 /* Project object */;
			proxyType = 1;
			remoteGlobalIDString = D374B83C221EA78E00A9C944;
			remoteInfo = Travel;
		};
		D374B85D221EA79100A9C944 /* PBXContainerItemProxy */ = {
			isa = PBXContainerItemProxy;
			containerPortal = D374B835221EA78E00A9C944 /* Project object */;
			proxyType = 1;
			remoteGlobalIDString = D374B83C221EA78E00A9C944;
			remoteInfo = Travel;
		};
/* End PBXContainerItemProxy section */

/* Begin PBXFileReference section */
		D374B83D221EA78E00A9C944 /* Travel.app */ = {isa = PBXFileReference; explicitFileType = wrapper.application; includeInIndex = 0; path = Travel.app; sourceTree = BUILT_PRODUCTS_DIR; };
		D374B840221EA78E00A9C944 /* AppDelegate.swift */ = {isa = PBXFileReference; lastKnownFileType = sourcecode.swift; path = AppDelegate.swift; sourceTree = "<group>"; };
		D374B842221EA78E00A9C944 /* ViewController.swift */ = {isa = PBXFileReference; lastKnownFileType = sourcecode.swift; path = ViewController.swift; sourceTree = "<group>"; };
		D374B845221EA78E00A9C944 /* Base */ = {isa = PBXFileReference; lastKnownFileType = file.storyboard; name = Base; path = Base.lproj/Main.storyboard; sourceTree = "<group>"; };
		D374B847221EA79100A9C944 /* Assets.xcassets */ = {isa = PBXFileReference; lastKnownFileType = folder.assetcatalog; path = Assets.xcassets; sourceTree = "<group>"; };
		D374B84A221EA79100A9C944 /* Base */ = {isa = PBXFileReference; lastKnownFileType = file.storyboard; name = Base; path = Base.lproj/LaunchScreen.storyboard; sourceTree = "<group>"; };
		D374B84C221EA79100A9C944 /* Info.plist */ = {isa = PBXFileReference; lastKnownFileType = text.plist.xml; path = Info.plist; sourceTree = "<group>"; };
		D374B851221EA79100A9C944 /* TravelTests.xctest */ = {isa = PBXFileReference; explicitFileType = wrapper.cfbundle; includeInIndex = 0; path = TravelTests.xctest; sourceTree = BUILT_PRODUCTS_DIR; };
		D374B855221EA79100A9C944 /* TravelTests.swift */ = {isa = PBXFileReference; lastKnownFileType = sourcecode.swift; path = TravelTests.swift; sourceTree = "<group>"; };
		D374B857221EA79100A9C944 /* Info.plist */ = {isa = PBXFileReference; lastKnownFileType = text.plist.xml; path = Info.plist; sourceTree = "<group>"; };
		D374B85C221EA79100A9C944 /* TravelUITests.xctest */ = {isa = PBXFileReference; explicitFileType = wrapper.cfbundle; includeInIndex = 0; path = TravelUITests.xctest; sourceTree = BUILT_PRODUCTS_DIR; };
		D374B860221EA79100A9C944 /* TravelUITests.swift */ = {isa = PBXFileReference; lastKnownFileType = sourcecode.swift; path = TravelUITests.swift; sourceTree = "<group>"; };
		D374B862221EA79100A9C944 /* Info.plist */ = {isa = PBXFileReference; lastKnownFileType = text.plist.xml; path = Info.plist; sourceTree = "<group>"; };
/* End PBXFileReference section */

/* Begin PBXFrameworksBuildPhase section */
		D374B83A221EA78E00A9C944 /* Frameworks */ = {
			isa = PBXFrameworksBuildPhase;
			buildActionMask = 2147483647;
			files = (
			);
			runOnlyForDeploymentPostprocessing = 0;
		};
		D374B84E221EA79100A9C944 /* Frameworks */ = {
			isa = PBXFrameworksBuildPhase;
			buildActionMask = 2147483647;
			files = (
			);
			runOnlyForDeploymentPostprocessing = 0;
		};
		D374B859221EA79100A9C944 /* Frameworks */ = {
			isa = PBXFrameworksBuildPhase;
			buildActionMask = 2147483647;
			files = (
			);
			runOnlyForDeploymentPostprocessing = 0;
		};
/* End PBXFrameworksBuildPhase section */

/* Begin PBXGroup section */
		D374B834221EA78E00A9C944 = {
			isa = PBXGroup;
			children = (
				D374B83F221EA78E00A9C944 /* Travel */,
				D374B854221EA79100A9C944 /* TravelTests */,
				D374B85F221EA79100A9C944 /* TravelUITests */,
				D374B83E221EA78E00A9C944 /* Products */,
			);
			sourceTree = "<group>";
		};
		D374B83E221EA78E00A9C944 /* Products */ = {
			isa = PBXGroup;
			children = (
				D374B83D221EA78E00A9C944 /* Travel.app */,
				D374B851221EA79100A9C944 /* TravelTests.xctest */,
				D374B85C221EA79100A9C944 /* TravelUITests.xctest */,
			);
			name = Products;
			sourceTree = "<group>";
		};
		D374B83F221EA78E00A9C944 /* Travel */ = {
			isa = PBXGroup;
			children = (
				D374B840221EA78E00A9C944 /* AppDelegate.swift */,
				D374B842221EA78E00A9C944 /* ViewController.swift */,
				D374B844221EA78E00A9C944 /* Main.storyboard */,
				D374B847221EA79100A9C944 /* Assets.xcassets */,
				D374B849221EA79100A9C944 /* LaunchScreen.storyboard */,
				D374B84C221EA79100A9C944 /* Info.plist */,
			);
			path = Travel;
			sourceTree = "<group>";
		};
		D374B854221EA79100A9C944 /* TravelTests */ = {
			isa = PBXGroup;
			children = (
				D374B855221EA79100A9C944 /* TravelTests.swift */,
				D374B857221EA79100A9C944 /* Info.plist */,
			);
			path = TravelTests;
			sourceTree = "<group>";
		};
		D374B85F221EA79100A9C944 /* TravelUITests */ = {
			isa = PBXGroup;
			children = (
				D374B860221EA79100A9C944 /* TravelUITests.swift */,
				D374B862221EA79100A9C944 /* Info.plist */,
			);
			path = TravelUITests;
			sourceTree = "<group>";
		};
/* End PBXGroup section */

/* Begin PBXNativeTarget section */
		D374B83C221EA78E00A9C944 /* Travel */ = {
			isa = PBXNativeTarget;
			buildConfigurationList = D374B865221EA79100A9C944 /* Build configuration list for PBXNativeTarget "Travel" */;
			buildPhases = (
				D374B839221EA78E00A9C944 /* Sources */,
				D374B83A221EA78E00A9C944 /* Frameworks */,
				D374B83B221EA78E00A9C944 /* Resources */,
			);
			buildRules = (
			);
			dependencies = (
			);
			name = Travel;
			productName = Travel;
			productReference = D374B83D221EA78E00A9C944 /* Travel.app */;
			productType = "com.apple.product-type.application";
		};
		D374B850221EA79100A9C944 /* TravelTests */ = {
			isa = PBXNativeTarget;
			buildConfigurationList = D374B868221EA79100A9C944 /* Build configuration list for PBXNativeTarget "TravelTests" */;
			buildPhases = (
				D374B84D221EA79100A9C944 /* Sources */,
				D374B84E221EA79100A9C944 /* Frameworks */,
				D374B84F221EA79100A9C944 /* Resources */,
			);
			buildRules = (
			);
			dependencies = (
				D374B853221EA79100A9C944 /* PBXTargetDependency */,
			);
			name = TravelTests;
			productName = TravelTests;
			productReference = D374B851221EA79100A9C944 /* TravelTests.xctest */;
			productType = "com.apple.product-type.bundle.unit-test";
		};
		D374B85B221EA79100A9C944 /* TravelUITests */ = {
			isa = PBXNativeTarget;
			buildConfigurationList = D374B86B221EA79100A9C944 /* Build configuration list for PBXNativeTarget "TravelUITests" */;
			buildPhases = (
				D374B858221EA79100A9C944 /* Sources */,
				D374B859221EA79100A9C944 /* Frameworks */,
				D374B85A221EA79100A9C944 /* Resources */,
			);
			buildRules = (
			);
			dependencies = (
				D374B85E221EA79100A9C944 /* PBXTargetDependency */,
			);
			name = TravelUITests;
			productName = TravelUITests;
			productReference = D374B85C221EA79100A9C944 /* TravelUITests.xctest */;
			productType = "com.apple.product-type.bundle.ui-testing";
		};
/* End PBXNativeTarget section */

/* Begin PBXProject section */
		D374B835221EA78E00A9C944 /* Project object */ = {
			isa = PBXProject;
			attributes = {
				LastSwiftUpdateCheck = 1010;
				LastUpgradeCheck = 1010;
				ORGANIZATIONNAME = "Aji Prakosa";
				TargetAttributes = {
					D374B83C221EA78E00A9C944 = {
						CreatedOnToolsVersion = 10.1;
					};
					D374B850221EA79100A9C944 = {
						CreatedOnToolsVersion = 10.1;
						TestTargetID = D374B83C221EA78E00A9C944;
					};
					D374B85B221EA79100A9C944 = {
						CreatedOnToolsVersion = 10.1;
						TestTargetID = D374B83C221EA78E00A9C944;
					};
				};
			};
			buildConfigurationList = D374B838221EA78E00A9C944 /* Build configuration list for PBXProject "Travel" */;
			compatibilityVersion = "Xcode 9.3";
			developmentRegion = en;
			hasScannedForEncodings = 0;
			knownRegions = (
				en,
				Base,
			);
			mainGroup = D374B834221EA78E00A9C944;
			productRefGroup = D374B83E221EA78E00A9C944 /* Products */;
			projectDirPath = "";
			projectRoot = "";
			targets = (
				D374B83C221EA78E00A9C944 /* Travel */,
				D374B850221EA79100A9C944 /* TravelTests */,
				D374B85B221EA79100A9C944 /* TravelUITests */,
			);
		};
/* End PBXProject section */

/* Begin PBXResourcesBuildPhase section */
		D374B83B221EA78E00A9C944 /* Resources */ = {
			isa = PBXResourcesBuildPhase;
			buildActionMask = 2147483647;
			files = (
				D374B84B221EA79100A9C944 /* LaunchScreen.storyboard in Resources */,
				D374B848221EA79100A9C944 /* Assets.xcassets in Resources */,
				D374B846221EA78E00A9C944 /* Main.storyboard in Resources */,
			);
			runOnlyForDeploymentPostprocessing = 0;
		};
		D374B84F221EA79100A9C944 /* Resources */ = {
			isa = PBXResourcesBuildPhase;
			buildActionMask = 2147483647;
			files = (
			);
			runOnlyForDeploymentPostprocessing = 0;
		};
		D374B85A221EA79100A9C944 /* Resources */ = {
			isa = PBXResourcesBuildPhase;
			buildActionMask = 2147483647;
			files = (
			);
			runOnlyForDeploymentPostprocessing = 0;
		};
/* End PBXResourcesBuildPhase section */

/* Begin PBXSourcesBuildPhase section */
		D374B839221EA78E00A9C944 /* Sources */ = {
			isa = PBXSourcesBuildPhase;
			buildActionMask = 2147483647;
			files = (
				D374B843221EA78E00A9C944 /* ViewController.swift in Sources */,
				D374B841221EA78E00A9C944 /* AppDelegate.swift in Sources */,
			);
			runOnlyForDeploymentPostprocessing = 0;
		};
		D374B84D221EA79100A9C944 /* Sources */ = {
			isa = PBXSourcesBuildPhase;
			buildActionMask = 2147483647;
			files = (
				D374B856221EA79100A9C944 /* TravelTests.swift in Sources */,
			);
			runOnlyForDeploymentPostprocessing = 0;
		};
		D374B858221EA79100A9C944 /* Sources */ = {
			isa = PBXSourcesBuildPhase;
			buildActionMask = 2147483647;
			files = (
				D374B861221EA79100A9C944 /* TravelUITests.swift in Sources */,
			);
			runOnlyForDeploymentPostprocessing = 0;
		};
/* End PBXSourcesBuildPhase section */

/* Begin PBXTargetDependency section */
		D374B853221EA79100A9C944 /* PBXTargetDependency */ = {
			isa = PBXTargetDependency;
			target = D374B83C221EA78E00A9C944 /* Travel */;
			targetProxy = D374B852221EA79100A9C944 /* PBXContainerItemProxy */;
		};
		D374B85E221EA79100A9C944 /* PBXTargetDependency */ = {
			isa = PBXTargetDependency;
			target = D374B83C221EA78E00A9C944 /* Travel */;
			targetProxy = D374B85D221EA79100A9C944 /* PBXContainerItemProxy */;
		};
/* End PBXTargetDependency section */

/* Begin PBXVariantGroup section */
		D374B844221EA78E00A9C944 /* Main.storyboard */ = {
			isa = PBXVariantGroup;
			children = (
				D374B845221EA78E00A9C944 /* Base */,
			);
			name = Main.storyboard;
			sourceTree = "<group>";
		};
		D374B849221EA79100A9C944 /* LaunchScreen.storyboard */ = {
			isa = PBXVariantGroup;
			children = (
				D374B84A221EA79100A9C944 /* Base */,
			);
			name = LaunchScreen.storyboard;
			sourceTree = "<group>";
		};
/* End PBXVariantGroup section */

/* Begin XCBuildConfiguration section */
		D374B863221EA79100A9C944 /* Debug */ = {
			isa = XCBuildConfiguration;
			buildSettings = {
				ALWAYS_SEARCH_USER_PATHS = NO;
				CLANG_ANALYZER_NONNULL = YES;
				CLANG_ANALYZER_NUMBER_OBJECT_CONVERSION = YES_AGGRESSIVE;
				CLANG_CXX_LANGUAGE_STANDARD = "gnu++14";
				CLANG_CXX_LIBRARY = "libc++";
				CLANG_ENABLE_MODULES = YES;
				CLANG_ENABLE_OBJC_ARC = YES;
				CLANG_ENABLE_OBJC_WEAK = YES;
				CLANG_WARN_BLOCK_CAPTURE_AUTORELEASING = YES;
				CLANG_WARN_BOOL_CONVERSION = YES;
				CLANG_WARN_COMMA = YES;
				CLANG_WARN_CONSTANT_CONVERSION = YES;
				CLANG_WARN_DEPRECATED_OBJC_IMPLEMENTATIONS = YES;
				CLANG_WARN_DIRECT_OBJC_ISA_USAGE = YES_ERROR;
				CLANG_WARN_DOCUMENTATION_COMMENTS = YES;
				CLANG_WARN_EMPTY_BODY = YES;
				CLANG_WARN_ENUM_CONVERSION = YES;
				CLANG_WARN_INFINITE_RECURSION = YES;
				CLANG_WARN_INT_CONVERSION = YES;
				CLANG_WARN_NON_LITERAL_NULL_CONVERSION = YES;
				CLANG_WARN_OBJC_IMPLICIT_RETAIN_SELF = YES;
				CLANG_WARN_OBJC_LITERAL_CONVERSION = YES;
				CLANG_WARN_OBJC_ROOT_CLASS = YES_ERROR;
				CLANG_WARN_RANGE_LOOP_ANALYSIS = YES;
				CLANG_WARN_STRICT_PROTOTYPES = YES;
				CLANG_WARN_SUSPICIOUS_MOVE = YES;
				CLANG_WARN_UNGUARDED_AVAILABILITY = YES_AGGRESSIVE;
				CLANG_WARN_UNREACHABLE_CODE = YES;
				CLANG_WARN__DUPLICATE_METHOD_MATCH = YES;
				CODE_SIGN_IDENTITY = "iPhone Developer";
				COPY_PHASE_STRIP = NO;
				DEBUG_INFORMATION_FORMAT = dwarf;
				ENABLE_STRICT_OBJC_MSGSEND = YES;
				ENABLE_TESTABILITY = YES;
				GCC_C_LANGUAGE_STANDARD = gnu11;
				GCC_DYNAMIC_NO_PIC = NO;
				GCC_NO_COMMON_BLOCKS = YES;
				GCC_OPTIMIZATION_LEVEL = 0;
				GCC_PREPROCESSOR_DEFINITIONS = (
					"DEBUG=1",
					"$(inherited)",
				);
				GCC_WARN_64_TO_32_BIT_CONVERSION = YES;
				GCC_WARN_ABOUT_RETURN_TYPE = YES_ERROR;
				GCC_WARN_UNDECLARED_SELECTOR = YES;
				GCC_WARN_UNINITIALIZED_AUTOS = YES_AGGRESSIVE;
				GCC_WARN_UNUSED_FUNCTION = YES;
				GCC_WARN_UNUSED_VARIABLE = YES;
				IPHONEOS_DEPLOYMENT_TARGET = 12.1;
				MTL_ENABLE_DEBUG_INFO = INCLUDE_SOURCE;
				MTL_FAST_MATH = YES;
				ONLY_ACTIVE_ARCH = YES;
				SDKROOT = iphoneos;
				SWIFT_ACTIVE_COMPILATION_CONDITIONS = DEBUG;
				SWIFT_OPTIMIZATION_LEVEL = "-Onone";
			};
			name = Debug;
		};
		D374B864221EA79100A9C944 /* Release */ = {
			isa = XCBuildConfiguration;
			buildSettings = {
				ALWAYS_SEARCH_USER_PATHS = NO;
				CLANG_ANALYZER_NONNULL = YES;
				CLANG_ANALYZER_NUMBER_OBJECT_CONVERSION = YES_AGGRESSIVE;
				CLANG_CXX_LANGUAGE_STANDARD = "gnu++14";
				CLANG_CXX_LIBRARY = "libc++";
				CLANG_ENABLE_MODULES = YES;
				CLANG_ENABLE_OBJC_ARC = YES;
				CLANG_ENABLE_OBJC_WEAK = YES;
				CLANG_WARN_BLOCK_CAPTURE_AUTORELEASING = YES;
				CLANG_WARN_BOOL_CONVERSION = YES;
				CLANG_WARN_COMMA = YES;
				CLANG_WARN_CONSTANT_CONVERSION = YES;
				CLANG_WARN_DEPRECATED_OBJC_IMPLEMENTATIONS = YES;
				CLANG_WARN_DIRECT_OBJC_ISA_USAGE = YES_ERROR;
				CLANG_WARN_DOCUMENTATION_COMMENTS = YES;
				CLANG_WARN_EMPTY_BODY = YES;
				CLANG_WARN_ENUM_CONVERSION = YES;
				CLANG_WARN_INFINITE_RECURSION = YES;
				CLANG_WARN_INT_CONVERSION = YES;
				CLANG_WARN_NON_LITERAL_NULL_CONVERSION = YES;
				CLANG_WARN_OBJC_IMPLICIT_RETAIN_SELF = YES;
				CLANG_WARN_OBJC_LITERAL_CONVERSION = YES;
				CLANG_WARN_OBJC_ROOT_CLASS = YES_ERROR;
				CLANG_WARN_RANGE_LOOP_ANALYSIS = YES;
				CLANG_WARN_STRICT_PROTOTYPES = YES;
				CLANG_WARN_SUSPICIOUS_MOVE = YES;
				CLANG_WARN_UNGUARDED_AVAILABILITY = YES_AGGRESSIVE;
				CLANG_WARN_UNREACHABLE_CODE = YES;
				CLANG_WARN__DUPLICATE_METHOD_MATCH = YES;
				CODE_SIGN_IDENTITY = "iPhone Developer";
				COPY_PHASE_STRIP = NO;
				DEBUG_INFORMATION_FORMAT = "dwarf-with-dsym";
				ENABLE_NS_ASSERTIONS = NO;
				ENABLE_STRICT_OBJC_MSGSEND = YES;
				GCC_C_LANGUAGE_STANDARD = gnu11;
				GCC_NO_COMMON_BLOCKS = YES;
				GCC_WARN_64_TO_32_BIT_CONVERSION = YES;
				GCC_WARN_ABOUT_RETURN_TYPE = YES_ERROR;
				GCC_WARN_UNDECLARED_SELECTOR = YES;
				GCC_WARN_UNINITIALIZED_AUTOS = YES_AGGRESSIVE;
				GCC_WARN_UNUSED_FUNCTION = YES;
				GCC_WARN_UNUSED_VARIABLE = YES;
				IPHONEOS_DEPLOYMENT_TARGET = 12.1;
				MTL_ENABLE_DEBUG_INFO = NO;
				MTL_FAST_MATH = YES;
				SDKROOT = iphoneos;
				SWIFT_COMPILATION_MODE = wholemodule;
				SWIFT_OPTIMIZATION_LEVEL = "-O";
				VALIDATE_PRODUCT = YES;
			};
			name = Release;
		};
		D374B866221EA79100A9C944 /* Debug */ = {
			isa = XCBuildConfiguration;
			buildSettings = {
				ASSETCATALOG_COMPILER_APPICON_NAME = AppIcon;
				CODE_SIGN_STYLE = Automatic;
				DEVELOPMENT_TEAM = KX7VEG7L3Z;
				INFOPLIST_FILE = Travel/Info.plist;
				LD_RUNPATH_SEARCH_PATHS = (
					"$(inherited)",
					"@executable_path/Frameworks",
				);
				PRODUCT_BUNDLE_IDENTIFIER = com.teravin.Travel;
				PRODUCT_NAME = "$(TARGET_NAME)";
				SWIFT_VERSION = 4.2;
				TARGETED_DEVICE_FAMILY = "1,2";
			};
			name = Debug;
		};
		D374B867221EA79100A9C944 /* Release */ = {
			isa = XCBuildConfiguration;
			buildSettings = {
				ASSETCATALOG_COMPILER_APPICON_NAME = AppIcon;
				CODE_SIGN_STYLE = Automatic;
				DEVELOPMENT_TEAM = KX7VEG7L3Z;
				INFOPLIST_FILE = Travel/Info.plist;
				LD_RUNPATH_SEARCH_PATHS = (
					"$(inherited)",
					"@executable_path/Frameworks",
				);
				PRODUCT_BUNDLE_IDENTIFIER = com.teravin.Travel;
				PRODUCT_NAME = "$(TARGET_NAME)";
				SWIFT_VERSION = 4.2;
				TARGETED_DEVICE_FAMILY = "1,2";
			};
			name = Release;
		};
		D374B869221EA79100A9C944 /* Debug */ = {
			isa = XCBuildConfiguration;
			buildSettings = {
				ALWAYS_EMBED_SWIFT_STANDARD_LIBRARIES = YES;
				BUNDLE_LOADER = "$(TEST_HOST)";
				CODE_SIGN_STYLE = Automatic;
				DEVELOPMENT_TEAM = KX7VEG7L3Z;
				INFOPLIST_FILE = TravelTests/Info.plist;
				LD_RUNPATH_SEARCH_PATHS = (
					"$(inherited)",
					"@executable_path/Frameworks",
					"@loader_path/Frameworks",
				);
				PRODUCT_BUNDLE_IDENTIFIER = com.teravin.TravelTests;
				PRODUCT_NAME = "$(TARGET_NAME)";
				SWIFT_VERSION = 4.2;
				TARGETED_DEVICE_FAMILY = "1,2";
				TEST_HOST = "$(BUILT_PRODUCTS_DIR)/Travel.app/Travel";
			};
			name = Debug;
		};
		D374B86A221EA79100A9C944 /* Release */ = {
			isa = XCBuildConfiguration;
			buildSettings = {
				ALWAYS_EMBED_SWIFT_STANDARD_LIBRARIES = YES;
				BUNDLE_LOADER = "$(TEST_HOST)";
				CODE_SIGN_STYLE = Automatic;
				DEVELOPMENT_TEAM = KX7VEG7L3Z;
				INFOPLIST_FILE = TravelTests/Info.plist;
				LD_RUNPATH_SEARCH_PATHS = (
					"$(inherited)",
					"@executable_path/Frameworks",
					"@loader_path/Frameworks",
				);
				PRODUCT_BUNDLE_IDENTIFIER = com.teravin.TravelTests;
				PRODUCT_NAME = "$(TARGET_NAME)";
				SWIFT_VERSION = 4.2;
				TARGETED_DEVICE_FAMILY = "1,2";
				TEST_HOST = "$(BUILT_PRODUCTS_DIR)/Travel.app/Travel";
			};
			name = Release;
		};
		D374B86C221EA79100A9C944 /* Debug */ = {
			isa = XCBuildConfiguration;
			buildSettings = {
				ALWAYS_EMBED_SWIFT_STANDARD_LIBRARIES = YES;
				CODE_SIGN_STYLE = Automatic;
				DEVELOPMENT_TEAM = KX7VEG7L3Z;
				INFOPLIST_FILE = TravelUITests/Info.plist;
				LD_RUNPATH_SEARCH_PATHS = (
					"$(inherited)",
					"@executable_path/Frameworks",
					"@loader_path/Frameworks",
				);
				PRODUCT_BUNDLE_IDENTIFIER = com.teravin.TravelUITests;
				PRODUCT_NAME = "$(TARGET_NAME)";
				SWIFT_VERSION = 4.2;
				TARGETED_DEVICE_FAMILY = "1,2";
				TEST_TARGET_NAME = Travel;
			};
			name = Debug;
		};
		D374B86D221EA79100A9C944 /* Release */ = {
			isa = XCBuildConfiguration;
			buildSettings = {
				ALWAYS_EMBED_SWIFT_STANDARD_LIBRARIES = YES;
				CODE_SIGN_STYLE = Automatic;
				DEVELOPMENT_TEAM = KX7VEG7L3Z;
				INFOPLIST_FILE = TravelUITests/Info.plist;
				LD_RUNPATH_SEARCH_PATHS = (
					"$(inherited)",
					"@executable_path/Frameworks",
					"@loader_path/Frameworks",
				);
				PRODUCT_BUNDLE_IDENTIFIER = com.teravin.TravelUITests;
				PRODUCT_NAME = "$(TARGET_NAME)";
				SWIFT_VERSION = 4.2;
				TARGETED_DEVICE_FAMILY = "1,2";
				TEST_TARGET_NAME = Travel;
			};
			name = Release;
		};
/* End XCBuildConfiguration section */

/* Begin XCConfigurationList section */
		D374B838221EA78E00A9C944 /* Build configuration list for PBXProject "Travel" */ = {
			isa = XCConfigurationList;
			buildConfigurations = (
				D374B863221EA79100A9C944 /* Debug */,
				D374B864221EA79100A9C944 /* Release */,
			);
			defaultConfigurationIsVisible = 0;
			defaultConfigurationName = Release;
		};
		D374B865221EA79100A9C944 /* Build configuration list for PBXNativeTarget "Travel" */ = {
			isa = XCConfigurationList;
			buildConfigurations = (
				D374B866221EA79100A9C944 /* Debug */,
				D374B867221EA79100A9C944 /* Release */,
			);
			defaultConfigurationIsVisible = 0;
			defaultConfigurationName = Release;
		};
		D374B868221EA79100A9C944 /* Build configuration list for PBXNativeTarget "TravelTests" */ = {
			isa = XCConfigurationList;
			buildConfigurations = (
				D374B869221EA79100A9C944 /* Debug */,
				D374B86A221EA79100A9C944 /* Release */,
			);
			defaultConfigurationIsVisible = 0;
			defaultConfigurationName = Release;
		};
		D374B86B221EA79100A9C944 /* Build configuration list for PBXNativeTarget "TravelUITests" */ = {
			isa = XCConfigurationList;
			buildConfigurations = (
				D374B86C221EA79100A9C944 /* Debug */,
				D374B86D221EA79100A9C944 /* Release */,
			);
			defaultConfigurationIsVisible = 0;
			defaultConfigurationName = Release;
		};
/* End XCConfigurationList section */
	};
	rootObject = D374B835221EA78E00A9C944 /* Project object */;
}
